// !$*UTF8*$!
{
	archiveVersion = 1;
	classes = {
	};
	objectVersion = 46;
	objects = {

/* Begin PBXBuildFile section */
		151A44641E81485600B37E93 /* SFX in Resources */ = {isa = PBXBuildFile; fileRef = 151A44631E81485600B37E93 /* SFX */; };
		339AF64D1E8011210070E8AA /* AppDelegate.swift in Sources */ = {isa = PBXBuildFile; fileRef = 339AF64C1E8011210070E8AA /* AppDelegate.swift */; };
		339AF64F1E8011210070E8AA /* GameScene.sks in Resources */ = {isa = PBXBuildFile; fileRef = 339AF64E1E8011210070E8AA /* GameScene.sks */; };
		339AF6511E8011210070E8AA /* Actions.sks in Resources */ = {isa = PBXBuildFile; fileRef = 339AF6501E8011210070E8AA /* Actions.sks */; };
		339AF6531E8011210070E8AA /* GameScene.swift in Sources */ = {isa = PBXBuildFile; fileRef = 339AF6521E8011210070E8AA /* GameScene.swift */; };
		339AF6551E8011210070E8AA /* GameViewController.swift in Sources */ = {isa = PBXBuildFile; fileRef = 339AF6541E8011210070E8AA /* GameViewController.swift */; };
		339AF6581E8011210070E8AA /* Main.storyboard in Resources */ = {isa = PBXBuildFile; fileRef = 339AF6561E8011210070E8AA /* Main.storyboard */; };
		339AF65A1E8011210070E8AA /* Assets.xcassets in Resources */ = {isa = PBXBuildFile; fileRef = 339AF6591E8011210070E8AA /* Assets.xcassets */; };
		339AF65D1E8011210070E8AA /* LaunchScreen.storyboard in Resources */ = {isa = PBXBuildFile; fileRef = 339AF65B1E8011210070E8AA /* LaunchScreen.storyboard */; };
/* End PBXBuildFile section */

/* Begin PBXFileReference section */
		151A44631E81485600B37E93 /* SFX */ = {isa = PBXFileReference; lastKnownFileType = folder; path = SFX; sourceTree = "<group>"; };
		339AF6491E8011210070E8AA /* HoppyBunny.app */ = {isa = PBXFileReference; explicitFileType = wrapper.application; includeInIndex = 0; path = HoppyBunny.app; sourceTree = BUILT_PRODUCTS_DIR; };
		339AF64C1E8011210070E8AA /* AppDelegate.swift */ = {isa = PBXFileReference; lastKnownFileType = sourcecode.swift; path = AppDelegate.swift; sourceTree = "<group>"; };
		339AF64E1E8011210070E8AA /* GameScene.sks */ = {isa = PBXFileReference; lastKnownFileType = file.sks; path = GameScene.sks; sourceTree = "<group>"; };
		339AF6501E8011210070E8AA /* Actions.sks */ = {isa = PBXFileReference; lastKnownFileType = file.sks; path = Actions.sks; sourceTree = "<group>"; };
		339AF6521E8011210070E8AA /* GameScene.swift */ = {isa = PBXFileReference; lastKnownFileType = sourcecode.swift; path = GameScene.swift; sourceTree = "<group>"; };
		339AF6541E8011210070E8AA /* GameViewController.swift */ = {isa = PBXFileReference; lastKnownFileType = sourcecode.swift; path = GameViewController.swift; sourceTree = "<group>"; };
		339AF6571E8011210070E8AA /* Base */ = {isa = PBXFileReference; lastKnownFileType = file.storyboard; name = Base; path = Base.lproj/Main.storyboard; sourceTree = "<group>"; };
		339AF6591E8011210070E8AA /* Assets.xcassets */ = {isa = PBXFileReference; lastKnownFileType = folder.assetcatalog; path = Assets.xcassets; sourceTree = "<group>"; };
		339AF65C1E8011210070E8AA /* Base */ = {isa = PBXFileReference; lastKnownFileType = file.storyboard; name = Base; path = Base.lproj/LaunchScreen.storyboard; sourceTree = "<group>"; };
		339AF65E1E8011210070E8AA /* Info.plist */ = {isa = PBXFileReference; lastKnownFileType = text.plist.xml; path = Info.plist; sourceTree = "<group>"; };
/* End PBXFileReference section */

/* Begin PBXFrameworksBuildPhase section */
		339AF6461E8011210070E8AA /* Frameworks */ = {
			isa = PBXFrameworksBuildPhase;
			buildActionMask = 2147483647;
			files = (
			);
			runOnlyForDeploymentPostprocessing = 0;
		};
/* End PBXFrameworksBuildPhase section */

/* Begin PBXGroup section */
		339AF6401E8011210070E8AA = {
			isa = PBXGroup;
			children = (
				339AF64B1E8011210070E8AA /* HoppyBunny */,
				339AF64A1E8011210070E8AA /* Products */,
			);
			sourceTree = "<group>";
		};
		339AF64A1E8011210070E8AA /* Products */ = {
			isa = PBXGroup;
			children = (
				339AF6491E8011210070E8AA /* HoppyBunny.app */,
			);
			name = Products;
			sourceTree = "<group>";
		};
		339AF64B1E8011210070E8AA /* HoppyBunny */ = {
			isa = PBXGroup;
			children = (
				339AF64C1E8011210070E8AA /* AppDelegate.swift */,
				339AF64E1E8011210070E8AA /* GameScene.sks */,
				339AF6501E8011210070E8AA /* Actions.sks */,
				339AF6521E8011210070E8AA /* GameScene.swift */,
				339AF6541E8011210070E8AA /* GameViewController.swift */,
				339AF6561E8011210070E8AA /* Main.storyboard */,
				339AF6591E8011210070E8AA /* Assets.xcassets */,
				339AF65B1E8011210070E8AA /* LaunchScreen.storyboard */,
				339AF65E1E8011210070E8AA /* Info.plist */,
				151A44631E81485600B37E93 /* SFX */,
			);
			path = HoppyBunny;
			sourceTree = "<group>";
		};
/* End PBXGroup section */

/* Begin PBXNativeTarget section */
		339AF6481E8011210070E8AA /* HoppyBunny */ = {
			isa = PBXNativeTarget;
			buildConfigurationList = 339AF6611E8011210070E8AA /* Build configuration list for PBXNativeTarget "HoppyBunny" */;
			buildPhases = (
				339AF6451E8011210070E8AA /* Sources */,
				339AF6461E8011210070E8AA /* Frameworks */,
				339AF6471E8011210070E8AA /* Resources */,
			);
			buildRules = (
			);
			dependencies = (
			);
			name = HoppyBunny;
			productName = HoppyBunny;
			productReference = 339AF6491E8011210070E8AA /* HoppyBunny.app */;
			productType = "com.apple.product-type.application";
		};
/* End PBXNativeTarget section */

/* Begin PBXProject section */
		339AF6411E8011210070E8AA /* Project object */ = {
			isa = PBXProject;
			attributes = {
				LastSwiftUpdateCheck = 0820;
				LastUpgradeCheck = 0820;
				ORGANIZATIONNAME = "Gaba Space";
				TargetAttributes = {
					339AF6481E8011210070E8AA = {
						CreatedOnToolsVersion = 8.2.1;
						ProvisioningStyle = Automatic;
					};
				};
			};
			buildConfigurationList = 339AF6441E8011210070E8AA /* Build configuration list for PBXProject "HoppyBunny" */;
			compatibilityVersion = "Xcode 3.2";
			developmentRegion = English;
			hasScannedForEncodings = 0;
			knownRegions = (
				en,
				Base,
			);
			mainGroup = 339AF6401E8011210070E8AA;
			productRefGroup = 339AF64A1E8011210070E8AA /* Products */;
			projectDirPath = "";
			projectRoot = "";
			targets = (
				339AF6481E8011210070E8AA /* HoppyBunny */,
			);
		};
/* End PBXProject section */

/* Begin PBXResourcesBuildPhase section */
		339AF6471E8011210070E8AA /* Resources */ = {
			isa = PBXResourcesBuildPhase;
			buildActionMask = 2147483647;
			files = (
				151A44641E81485600B37E93 /* SFX in Resources */,
				339AF6581E8011210070E8AA /* Main.storyboard in Resources */,
				339AF64F1E8011210070E8AA /* GameScene.sks in Resources */,
				339AF65A1E8011210070E8AA /* Assets.xcassets in Resources */,
				339AF65D1E8011210070E8AA /* LaunchScreen.storyboard in Resources */,
				339AF6511E8011210070E8AA /* Actions.sks in Resources */,
			);
			runOnlyForDeploymentPostprocessing = 0;
		};
/* End PBXResourcesBuildPhase section */

/* Begin PBXSourcesBuildPhase section */
		339AF6451E8011210070E8AA /* Sources */ = {
			isa = PBXSourcesBuildPhase;
			buildActionMask = 2147483647;
			files = (
				339AF6531E8011210070E8AA /* GameScene.swift in Sources */,
				339AF6551E8011210070E8AA /* GameViewController.swift in Sources */,
				339AF64D1E8011210070E8AA /* AppDelegate.swift in Sources */,
			);
			runOnlyForDeploymentPostprocessing = 0;
		};
/* End PBXSourcesBuildPhase section */

/* Begin PBXVariantGroup section */
		339AF6561E8011210070E8AA /* Main.storyboard */ = {
			isa = PBXVariantGroup;
			children = (
				339AF6571E8011210070E8AA /* Base */,
			);
			name = Main.storyboard;
			sourceTree = "<group>";
		};
		339AF65B1E8011210070E8AA /* LaunchScreen.storyboard */ = {
			isa = PBXVariantGroup;
			children = (
				339AF65C1E8011210070E8AA /* Base */,
			);
			name = LaunchScreen.storyboard;
			sourceTree = "<group>";
		};
/* End PBXVariantGroup section */

/* Begin XCBuildConfiguration section */
		339AF65F1E8011210070E8AA /* Debug */ = {
			isa = XCBuildConfiguration;
			buildSettings = {
				ALWAYS_SEARCH_USER_PATHS = NO;
				CLANG_ANALYZER_NONNULL = YES;
				CLANG_CXX_LANGUAGE_STANDARD = "gnu++0x";
				CLANG_CXX_LIBRARY = "libc++";
				CLANG_ENABLE_MODULES = YES;
				CLANG_ENABLE_OBJC_ARC = YES;
				CLANG_WARN_BOOL_CONVERSION = YES;
				CLANG_WARN_CONSTANT_CONVERSION = YES;
				CLANG_WARN_DIRECT_OBJC_ISA_USAGE = YES_ERROR;
				CLANG_WARN_DOCUMENTATION_COMMENTS = YES;
				CLANG_WARN_EMPTY_BODY = YES;
				CLANG_WARN_ENUM_CONVERSION = YES;
				CLANG_WARN_INFINITE_RECURSION = YES;
				CLANG_WARN_INT_CONVERSION = YES;
				CLANG_WARN_OBJC_ROOT_CLASS = YES_ERROR;
				CLANG_WARN_SUSPICIOUS_MOVE = YES;
				CLANG_WARN_UNREACHABLE_CODE = YES;
				CLANG_WARN__DUPLICATE_METHOD_MATCH = YES;
				"CODE_SIGN_IDENTITY[sdk=iphoneos*]" = "iPhone Developer";
				COPY_PHASE_STRIP = NO;
				DEBUG_INFORMATION_FORMAT = dwarf;
				ENABLE_STRICT_OBJC_MSGSEND = YES;
				ENABLE_TESTABILITY = YES;
				GCC_C_LANGUAGE_STANDARD = gnu99;
				GCC_DYNAMIC_NO_PIC = NO;
				GCC_NO_COMMON_BLOCKS = YES;
				GCC_OPTIMIZATION_LEVEL = 0;
				GCC_PREPROCESSOR_DEFINITIONS = (
					"DEBUG=1",
					"$(inherited)",
				);
				GCC_WARN_64_TO_32_BIT_CONVERSION = YES;
				GCC_WARN_ABOUT_RETURN_TYPE = YES_ERROR;
				GCC_WARN_UNDECLARED_SELECTOR = YES;
				GCC_WARN_UNINITIALIZED_AUTOS = YES_AGGRESSIVE;
				GCC_WARN_UNUSED_FUNCTION = YES;
				GCC_WARN_UNUSED_VARIABLE = YES;
				IPHONEOS_DEPLOYMENT_TARGET = 10.2;
				MTL_ENABLE_DEBUG_INFO = YES;
				ONLY_ACTIVE_ARCH = YES;
				SDKROOT = iphoneos;
				SWIFT_ACTIVE_COMPILATION_CONDITIONS = DEBUG;
				SWIFT_OPTIMIZATION_LEVEL = "-Onone";
			};
			name = Debug;
		};
		339AF6601E8011210070E8AA /* Release */ = {
			isa = XCBuildConfiguration;
			buildSettings = {
				ALWAYS_SEARCH_USER_PATHS = NO;
				CLANG_ANALYZER_NONNULL = YES;
				CLANG_CXX_LANGUAGE_STANDARD = "gnu++0x";
				CLANG_CXX_LIBRARY = "libc++";
				CLANG_ENABLE_MODULES = YES;
				CLANG_ENABLE_OBJC_ARC = YES;
				CLANG_WARN_BOOL_CONVERSION = YES;
				CLANG_WARN_CONSTANT_CONVERSION = YES;
				CLANG_WARN_DIRECT_OBJC_ISA_USAGE = YES_ERROR;
				CLANG_WARN_DOCUMENTATION_COMMENTS = YES;
				CLANG_WARN_EMPTY_BODY = YES;
				CLANG_WARN_ENUM_CONVERSION = YES;
				CLANG_WARN_INFINITE_RECURSION = YES;
				CLANG_WARN_INT_CONVERSION = YES;
				CLANG_WARN_OBJC_ROOT_CLASS = YES_ERROR;
				CLANG_WARN_SUSPICIOUS_MOVE = YES;
				CLANG_WARN_UNREACHABLE_CODE = YES;
				CLANG_WARN__DUPLICATE_METHOD_MATCH = YES;
				"CODE_SIGN_IDENTITY[sdk=iphoneos*]" = "iPhone Developer";
				COPY_PHASE_STRIP = NO;
				DEBUG_INFORMATION_FORMAT = "dwarf-with-dsym";
				ENABLE_NS_ASSERTIONS = NO;
				ENABLE_STRICT_OBJC_MSGSEND = YES;
				GCC_C_LANGUAGE_STANDARD = gnu99;
				GCC_NO_COMMON_BLOCKS = YES;
				GCC_WARN_64_TO_32_BIT_CONVERSION = YES;
				GCC_WARN_ABOUT_RETURN_TYPE = YES_ERROR;
				GCC_WARN_UNDECLARED_SELECTOR = YES;
				GCC_WARN_UNINITIALIZED_AUTOS = YES_AGGRESSIVE;
				GCC_WARN_UNUSED_FUNCTION = YES;
				GCC_WARN_UNUSED_VARIABLE = YES;
				IPHONEOS_DEPLOYMENT_TARGET = 10.2;
				MTL_ENABLE_DEBUG_INFO = NO;
				SDKROOT = iphoneos;
				SWIFT_OPTIMIZATION_LEVEL = "-Owholemodule";
				VALIDATE_PRODUCT = YES;
			};
			name = Release;
		};
		339AF6621E8011210070E8AA /* Debug */ = {
			isa = XCBuildConfiguration;
			buildSettings = {
				ASSETCATALOG_COMPILER_APPICON_NAME = AppIcon;
				INFOPLIST_FILE = HoppyBunny/Info.plist;
				LD_RUNPATH_SEARCH_PATHS = "$(inherited) @executable_path/Frameworks";
				PRODUCT_BUNDLE_IDENTIFIER = space.gaba.HoppyBunny;
				PRODUCT_NAME = "$(TARGET_NAME)";
				SWIFT_VERSION = 3.0;
			};
			name = Debug;
		};
		339AF6631E8011210070E8AA /* Release */ = {
			isa = XCBuildConfiguration;
			buildSettings = {
				ASSETCATALOG_COMPILER_APPICON_NAME = AppIcon;
				INFOPLIST_FILE = HoppyBunny/Info.plist;
				LD_RUNPATH_SEARCH_PATHS = "$(inherited) @executable_path/Frameworks";
				PRODUCT_BUNDLE_IDENTIFIER = space.gaba.HoppyBunny;
				PRODUCT_NAME = "$(TARGET_NAME)";
				SWIFT_VERSION = 3.0;
			};
			name = Release;
		};
/* End XCBuildConfiguration section */

/* Begin XCConfigurationList section */
		339AF6441E8011210070E8AA /* Build configuration list for PBXProject "HoppyBunny" */ = {
			isa = XCConfigurationList;
			buildConfigurations = (
				339AF65F1E8011210070E8AA /* Debug */,
				339AF6601E8011210070E8AA /* Release */,
			);
			defaultConfigurationIsVisible = 0;
			defaultConfigurationName = Release;
		};
		339AF6611E8011210070E8AA /* Build configuration list for PBXNativeTarget "HoppyBunny" */ = {
			isa = XCConfigurationList;
			buildConfigurations = (
				339AF6621E8011210070E8AA /* Debug */,
				339AF6631E8011210070E8AA /* Release */,
			);
			defaultConfigurationIsVisible = 0;
			defaultConfigurationName = Release;
		};
/* End XCConfigurationList section */
	};
	rootObject = 339AF6411E8011210070E8AA /* Project object */;
}
